
Microsoft Visual Studio Solution File, Format Version 12.00
# Visual Studio Version 17
VisualStudioVersion = 17.1.31911.260
MinimumVisualStudioVersion = 10.0.40219.1
Project("{9A19103F-16F7-4668-BE54-9A1E7A4F7556}") = "DuConsole", "DuConsole.csproj", "{7EDA7CB3-B7C9-403F-8F08-F4F8061FB496}"
EndProject
Project("{9A19103F-16F7-4668-BE54-9A1E7A4F7556}") = "DuBscl", "..\DuBscl\DuBscl.csproj", "{5AACE31C-397C-4587-B4AE-F401BCD7CB27}"
EndProject
Project("{9A19103F-16F7-4668-BE54-9A1E7A4F7556}") = "DuBsWinForm", "..\DuBsWinForm\DuBsWinForm.csproj", "{38431FA0-4A49-4AA9-A57D-34562006D0BE}"
EndProject
Global
	GlobalSection(SolutionConfigurationPlatforms) = preSolution
		Debug|Any CPU = Debug|Any CPU
		Release|Any CPU = Release|Any CPU
	EndGlobalSection
	GlobalSection(ProjectConfigurationPlatforms) = postSolution
		{7EDA7CB3-B7C9-403F-8F08-F4F8061FB496}.Debug|Any CPU.ActiveCfg = Debug|Any CPU
		{7EDA7CB3-B7C9-403F-8F08-F4F8061FB496}.Debug|Any CPU.Build.0 = Debug|Any CPU
		{7EDA7CB3-B7C9-403F-8F08-F4F8061FB496}.Release|Any CPU.ActiveCfg = Release|Any CPU
		{7EDA7CB3-B7C9-403F-8F08-F4F8061FB496}.Release|Any CPU.Build.0 = Release|Any CPU
		{5AACE31C-397C-4587-B4AE-F401BCD7CB27}.Debug|Any CPU.ActiveCfg = Debug|Any CPU
		{5AACE31C-397C-4587-B4AE-F401BCD7CB27}.Debug|Any CPU.Build.0 = Debug|Any CPU
		{5AACE31C-397C-4587-B4AE-F401BCD7CB27}.Release|Any CPU.ActiveCfg = Release|Any CPU
		{5AACE31C-397C-4587-B4AE-F401BCD7CB27}.Release|Any CPU.Build.0 = Release|Any CPU
		{38431FA0-4A49-4AA9-A57D-34562006D0BE}.Debug|Any CPU.ActiveCfg = Debug|Any CPU
		{38431FA0-4A49-4AA9-A57D-34562006D0BE}.Debug|Any CPU.Build.0 = Debug|Any CPU
		{38431FA0-4A49-4AA9-A57D-34562006D0BE}.Release|Any CPU.ActiveCfg = Release|Any CPU
		{38431FA0-4A49-4AA9-A57D-34562006D0BE}.Release|Any CPU.Build.0 = Release|Any CPU
	EndGlobalSection
	GlobalSection(SolutionProperties) = preSolution
		HideSolutionNode = FALSE
	EndGlobalSection
	GlobalSection(ExtensibilityGlobals) = postSolution
		SolutionGuid = {B7AA567A-C29F-4174-9B31-DA74F3E6458A}
	EndGlobalSection
EndGlobal
