
Microsoft Visual Studio Solution File, Format Version 12.00
# Visual Studio Version 17
VisualStudioVersion = 17.1.31911.260
MinimumVisualStudioVersion = 10.0.40219.1
Project("{FAE04EC0-301F-11D3-BF4B-00C04F79EFBC}") = "DuConsole", "DuConsole.csproj", "{7EDA7CB3-B7C9-403F-8F08-F4F8061FB496}"
EndProject
Global
	GlobalSection(SolutionConfigurationPlatforms) = preSolution
		Debug|Any CPU = Debug|Any CPU
		Release|Any CPU = Release|Any CPU
	EndGlobalSection
	GlobalSection(ProjectConfigurationPlatforms) = postSolution
		{7EDA7CB3-B7C9-403F-8F08-F4F8061FB496}.Debug|Any CPU.ActiveCfg = Debug|Any CPU
		{7EDA7CB3-B7C9-403F-8F08-F4F8061FB496}.Debug|Any CPU.Build.0 = Debug|Any CPU
		{7EDA7CB3-B7C9-403F-8F08-F4F8061FB496}.Release|Any CPU.ActiveCfg = Release|Any CPU
		{7EDA7CB3-B7C9-403F-8F08-F4F8061FB496}.Release|Any CPU.Build.0 = Release|Any CPU
	EndGlobalSection
	GlobalSection(SolutionProperties) = preSolution
		HideSolutionNode = FALSE
	EndGlobalSection
	GlobalSection(ExtensibilityGlobals) = postSolution
		SolutionGuid = {B7AA567A-C29F-4174-9B31-DA74F3E6458A}
	EndGlobalSection
EndGlobal
